# This file is automatically @generated by Cargo.
# It is not intended for manual editing.
version = 4

[[package]]
name = "ahash"
version = "0.8.12"
source = "registry+https://github.com/rust-lang/crates.io-index"
checksum = "5a15f179cd60c4584b8a8c596927aadc462e27f2ca70c04e0071964a73ba7a75"
dependencies = [
 "cfg-if",
 "const-random",
 "once_cell",
 "version_check",
 "zerocopy",
]

[[package]]
name = "anyhow"
version = "1.0.102"
source = "registry+https://github.com/rust-lang/crates.io-index"
checksum = "7f202df86484c868dbad7eaa557ef785d5c66295e41b460ef922eca0723b842c"

[[package]]
name = "arrayvec"
version = "0.7.6"
source = "registry+https://github.com/rust-lang/crates.io-index"
checksum = "7c02d123df017efcdfbd739ef81735b36c5ba83ec3c59c80a9d7ecc718f92e50"

[[package]]
name = "autocfg"
version = "1.5.1"
source = "registry+https://github.com/rust-lang/crates.io-index"
checksum = "f2032f911046de80f0a198e0901378627c33f59ea0ac00e363d481118bd70a53"

[[package]]
name = "base58ck"
version = "0.1.0"
source = "registry+https://github.com/rust-lang/crates.io-index"
checksum = "2c8d66485a3a2ea485c1913c4572ce0256067a5377ac8c75c4960e1cda98605f"
dependencies = [
 "bitcoin-internals",
 "bitcoin_hashes",
]

[[package]]
name = "bech32"
version = "0.11.1"
source = "registry+https://github.com/rust-lang/crates.io-index"
checksum = "32637268377fc7b10a8c6d51de3e7fba1ce5dd371a96e342b34e6078db558e7f"

[[package]]
name = "bincode"
version = "1.3.3"
source = "registry+https://github.com/rust-lang/crates.io-index"
checksum = "b1f45e9417d87227c7a56d22e471c6206462cba514c7590c09aff4cf6d1ddcad"
dependencies = [
 "serde",
]

[[package]]
name = "bip39"
version = "2.2.2"
source = "registry+https://github.com/rust-lang/crates.io-index"
checksum = "90dbd31c98227229239363921e60fcf5e558e43ec69094d46fc4996f08d1d5bc"
dependencies = [
 "bitcoin_hashes",
 "serde",
 "unicode-normalization",
]

[[package]]
name = "bitcoin"
version = "0.32.9"
source = "registry+https://github.com/rust-lang/crates.io-index"
checksum = "9cf93e61f2dbc3e3c41234ca26a65e2c0b0975c52e0f069ab9893ebbede584d3"
dependencies = [
 "base58ck",
 "bech32",
 "bitcoin-internals",
 "bitcoin-io",
 "bitcoin-units",
 "bitcoin_hashes",
 "hex-conservative",
 "hex_lit",
 "secp256k1",
 "serde",
]

[[package]]
name = "bitcoin-internals"
version = "0.3.0"
source = "registry+https://github.com/rust-lang/crates.io-index"
checksum = "30bdbe14aa07b06e6cfeffc529a1f099e5fbe249524f8125358604df99a4bed2"
dependencies = [
 "serde",
]

[[package]]
name = "bitcoin-io"
version = "0.1.4"
source = "registry+https://github.com/rust-lang/crates.io-index"
checksum = "2dee39a0ee5b4095224a0cfc6bf4cc1baf0f9624b96b367e53b66d974e51d953"

[[package]]
name = "bitcoin-units"
version = "0.1.3"
source = "registry+https://github.com/rust-lang/crates.io-index"
checksum = "346568ebaab2918487cea76dd55dae13c27bb618cdb737c952e69eb2017c4118"
dependencies = [
 "bitcoin-internals",
 "serde",
]

[[package]]
name = "bitcoin_hashes"
version = "0.14.1"
source = "registry+https://github.com/rust-lang/crates.io-index"
checksum = "26ec84b80c482df901772e931a9a681e26a1b9ee2302edeff23cb30328745c8b"
dependencies = [
 "bitcoin-io",
 "hex-conservative",
 "serde",
]

[[package]]
name = "block-buffer"
version = "0.10.4"
source = "registry+https://github.com/rust-lang/crates.io-index"
checksum = "3078c7629b62d3f0439517fa394996acacc5cbc91c5a20d8c658e77abd503a71"
dependencies = [
 "generic-array",
]

[[package]]
name = "bumpalo"
version = "3.20.2"
source = "registry+https://github.com/rust-lang/crates.io-index"
checksum = "5d20789868f4b01b2f2caec9f5c4e0213b41e3e5702a50157d699ae31ced2fcb"

[[package]]
name = "byteorder"
version = "1.5.0"
source = "registry+https://github.com/rust-lang/crates.io-index"
checksum = "1fd0f2584146f6f2ef48085050886acf353beff7305ebd1ae69500e27c67f64b"

[[package]]
name = "cc"
version = "1.2.61"
source = "registry+https://github.com/rust-lang/crates.io-index"
checksum = "d16d90359e986641506914ba71350897565610e87ce0ad9e6f28569db3dd5c6d"
dependencies = [
 "find-msvc-tools",
 "shlex",
]

[[package]]
name = "cfg-if"
version = "1.0.4"
source = "registry+https://github.com/rust-lang/crates.io-index"
checksum = "9330f8b2ff13f34540b44e946ef35111825727b38d33286ef986142615121801"

[[package]]
name = "client"
version = "0.1.0"
dependencies = [
 "bip39",
 "bitcoin",
 "getrandom",
 "hex",
 "serde",
 "serde_json",
 "sha2",
 "shared",
 "wasm-bindgen",
 "wasm-bindgen-test",
]

[[package]]
name = "console_error_panic_hook"
version = "0.1.7"
source = "registry+https://github.com/rust-lang/crates.io-index"
checksum = "a06aeb73f470f66dcdbf7223caeebb85984942f22f1adb2a088cf9668146bbbc"
dependencies = [
 "cfg-if",
 "wasm-bindgen",
]

[[package]]
name = "const-random"
version = "0.1.18"
source = "registry+https://github.com/rust-lang/crates.io-index"
checksum = "87e00182fe74b066627d63b85fd550ac2998d4b0bd86bfed477a0ae4c7c71359"
dependencies = [
 "const-random-macro",
]

[[package]]
name = "const-random-macro"
version = "0.1.16"
source = "registry+https://github.com/rust-lang/crates.io-index"
checksum = "f9d839f2a20b0aee515dc581a6172f2321f96cab76c1a38a4c584a194955390e"
dependencies = [
 "getrandom",
 "once_cell",
 "tiny-keccak",
]

[[package]]
name = "cpufeatures"
version = "0.2.17"
source = "registry+https://github.com/rust-lang/crates.io-index"
checksum = "59ed5838eebb26a2bb2e58f6d5b5316989ae9d08bab10e0e6d103e656d1b0280"
dependencies = [
 "libc",
]

[[package]]
name = "crossbeam-deque"
version = "0.8.6"
source = "registry+https://github.com/rust-lang/crates.io-index"
checksum = "9dd111b7b7f7d55b72c0a6ae361660ee5853c9af73f70c3c2ef6858b950e2e51"
dependencies = [
 "crossbeam-epoch",
 "crossbeam-utils",
]

[[package]]
name = "crossbeam-epoch"
version = "0.9.18"
source = "registry+https://github.com/rust-lang/crates.io-index"
checksum = "5b82ac4a3c2ca9c3460964f020e1402edd5753411d7737aa39c3714ad1b5420e"
dependencies = [
 "crossbeam-utils",
]

[[package]]
name = "crossbeam-utils"
version = "0.8.21"
source = "registry+https://github.com/rust-lang/crates.io-index"
checksum = "d0a5c400df2834b80a4c3327b3aad3a4c4cd4de0629063962b03235697506a28"

[[package]]
name = "crunchy"
version = "0.2.4"
source = "registry+https://github.com/rust-lang/crates.io-index"
checksum = "460fbee9c2c2f33933d720630a6a0bac33ba7053db5344fac858d4b8952d77d5"

[[package]]
name = "crypto-common"
version = "0.1.7"
source = "registry+https://github.com/rust-lang/crates.io-index"
checksum = "78c8292055d1c1df0cce5d180393dc8cce0abec0a7102adb6c7b1eef6016d60a"
dependencies = [
 "generic-array",
 "typenum",
]

[[package]]
name = "digest"
version = "0.10.7"
source = "registry+https://github.com/rust-lang/crates.io-index"
checksum = "9ed9a281f7bc9b7576e61468ba615a66a5c8cfdff42420a70aa82701a3b1e292"
dependencies = [
 "block-buffer",
 "crypto-common",
]

[[package]]
name = "either"
version = "1.16.0"
source = "registry+https://github.com/rust-lang/crates.io-index"
checksum = "91622ff5e7162018101f2fea40d6ebf4a78bbe5a49736a2020649edf9693679e"

[[package]]
name = "find-msvc-tools"
version = "0.1.9"
source = "registry+https://github.com/rust-lang/crates.io-index"
checksum = "5baebc0774151f905a1a2cc41989300b1e6fbb29aff0ceffa1064fdd3088d582"

[[package]]
name = "fixed-hash"
version = "0.7.0"
source = "registry+https://github.com/rust-lang/crates.io-index"
checksum = "cfcf0ed7fe52a17a03854ec54a9f76d6d84508d1c0e66bc1793301c73fc8493c"
dependencies = [
 "static_assertions",
]

[[package]]
name = "generic-array"
version = "0.14.7"
source = "registry+https://github.com/rust-lang/crates.io-index"
checksum = "85649ca51fd72272d7821adaf274ad91c288277713d9c18820d8499a7ff69e9a"
dependencies = [
 "typenum",
 "version_check",
]

[[package]]
name = "getrandom"
version = "0.2.17"
source = "registry+https://github.com/rust-lang/crates.io-index"
checksum = "ff2abc00be7fca6ebc474524697ae276ad847ad0a6b3faa4bcb027e9a4614ad0"
dependencies = [
 "cfg-if",
 "js-sys",
 "libc",
 "wasi",
 "wasm-bindgen",
]

[[package]]
name = "hashbrown"
version = "0.14.5"
source = "registry+https://github.com/rust-lang/crates.io-index"
checksum = "e5274423e17b7c9fc20b6e7e208532f9b19825d82dfd615708b70edd83df41f1"
dependencies = [
 "ahash",
 "rayon",
 "serde",
]

[[package]]
name = "hex"
version = "0.4.3"
source = "registry+https://github.com/rust-lang/crates.io-index"
checksum = "7f24254aa9a54b5c858eaee2f5bccdb46aaf0e486a595ed5fd8f86ba55232a70"

[[package]]
name = "hex-conservative"
version = "0.2.2"
source = "registry+https://github.com/rust-lang/crates.io-index"
checksum = "fda06d18ac606267c40c04e41b9947729bf8b9efe74bd4e82b61a5f26a510b9f"
dependencies = [
 "arrayvec",
]

[[package]]
name = "hex_lit"
version = "0.1.1"
source = "registry+https://github.com/rust-lang/crates.io-index"
checksum = "3011d1213f159867b13cfd6ac92d2cd5f1345762c63be3554e84092d85a50bbd"

[[package]]
name = "itertools"
version = "0.11.0"
source = "registry+https://github.com/rust-lang/crates.io-index"
checksum = "b1c173a5686ce8bfa551b3563d0c2170bf24ca44da99c7ca4bfdab5418c3fe57"
dependencies = [
 "either",
]

[[package]]
name = "itoa"
version = "1.0.18"
source = "registry+https://github.com/rust-lang/crates.io-index"
checksum = "8f42a60cbdf9a97f5d2305f08a87dc4e09308d1276d28c869c684d7777685682"

[[package]]
name = "js-sys"
version = "0.3.72"
source = "registry+https://github.com/rust-lang/crates.io-index"
checksum = "6a88f1bda2bd75b0452a14784937d796722fdebfe50df998aeb3f0b7603019a9"
dependencies = [
 "wasm-bindgen",
]

[[package]]
name = "keccak-hash"
version = "0.8.0"
source = "registry+https://github.com/rust-lang/crates.io-index"
checksum = "ce2bd4c29270e724d3eaadf7bdc8700af4221fc0ed771b855eadcd1b98d52851"
dependencies = [
 "primitive-types",
 "tiny-keccak",
]

[[package]]
name = "lazy_static"
version = "1.5.0"
source = "registry+https://github.com/rust-lang/crates.io-index"
checksum = "bbd2bcb4c963f2ddae06a2efc7e9f3591312473c50c6685e1f298068316e66fe"

[[package]]
name = "libc"
version = "0.2.186"
source = "registry+https://github.com/rust-lang/crates.io-index"
checksum = "68ab91017fe16c622486840e4c83c9a37afeff978bd239b5293d61ece587de66"

[[package]]
name = "log"
version = "0.4.29"
source = "registry+https://github.com/rust-lang/crates.io-index"
checksum = "5e5032e24019045c762d3c0f28f5b6b8bbf38563a65908389bf7978758920897"

[[package]]
name = "memchr"
version = "2.8.0"
source = "registry+https://github.com/rust-lang/crates.io-index"
checksum = "f8ca58f447f06ed17d5fc4043ce1b10dd205e060fb3ce5b979b8ed8e59ff3f79"

[[package]]
name = "minicov"
version = "0.3.8"
source = "registry+https://github.com/rust-lang/crates.io-index"
checksum = "4869b6a491569605d66d3952bcdf03df789e5b536e5f0cf7758a7f08a55ae24d"
dependencies = [
 "cc",
 "walkdir",
]

[[package]]
name = "num"
version = "0.4.3"
source = "registry+https://github.com/rust-lang/crates.io-index"
checksum = "35bd024e8b2ff75562e5f34e7f4905839deb4b22955ef5e73d2fea1b9813cb23"
dependencies = [
 "num-bigint",
 "num-complex",
 "num-integer",
 "num-iter",
 "num-rational",
 "num-traits",
]

[[package]]
name = "num-bigint"
version = "0.4.6"
source = "registry+https://github.com/rust-lang/crates.io-index"
checksum = "a5e44f723f1133c9deac646763579fdb3ac745e418f2a7af9cd0c431da1f20b9"
dependencies = [
 "num-integer",
 "num-traits",
 "rand",
]

[[package]]
name = "num-complex"
version = "0.4.6"
source = "registry+https://github.com/rust-lang/crates.io-index"
checksum = "73f88a1307638156682bada9d7604135552957b7818057dcef22705b4d509495"
dependencies = [
 "num-traits",
 "rand",
]

[[package]]
name = "num-integer"
version = "0.1.46"
source = "registry+https://github.com/rust-lang/crates.io-index"
checksum = "7969661fd2958a5cb096e56c8e1ad0444ac2bbcd0061bd28660485a44879858f"
dependencies = [
 "num-traits",
]

[[package]]
name = "num-iter"
version = "0.1.45"
source = "registry+https://github.com/rust-lang/crates.io-index"
checksum = "1429034a0490724d0075ebb2bc9e875d6503c3cf69e235a8941aa757d83ef5bf"
dependencies = [
 "autocfg",
 "num-integer",
 "num-traits",
]

[[package]]
name = "num-rational"
version = "0.4.2"
source = "registry+https://github.com/rust-lang/crates.io-index"
checksum = "f83d14da390562dca69fc84082e73e548e1ad308d24accdedd2720017cb37824"
dependencies = [
 "num-bigint",
 "num-integer",
 "num-traits",
]

[[package]]
name = "num-traits"
version = "0.2.19"
source = "registry+https://github.com/rust-lang/crates.io-index"
checksum = "071dfc062690e90b734c0b2273ce72ad0ffa95f0c74596bc250dcfd960262841"
dependencies = [
 "autocfg",
]

[[package]]
name = "once_cell"
version = "1.21.4"
source = "registry+https://github.com/rust-lang/crates.io-index"
checksum = "9f7c3e4beb33f85d45ae3e3a1792185706c8e16d043238c593331cc7cd313b50"

[[package]]
name = "plonky2"
version = "1.1.0"
source = "registry+https://github.com/rust-lang/crates.io-index"
checksum = "b512f56329cfde01b7b5c49f092145ae4fbdbb9cd8742f57879315ed7a893d65"
dependencies = [
 "ahash",
 "anyhow",
 "getrandom",
 "hashbrown",
 "itertools",
 "keccak-hash",
 "log",
 "num",
 "plonky2_field",
 "plonky2_maybe_rayon",
 "plonky2_util",
 "rand",
 "rand_chacha",
 "serde",
 "static_assertions",
 "unroll",
 "web-time",
]

[[package]]
name = "plonky2_field"
version = "1.0.0"
source = "registry+https://github.com/rust-lang/crates.io-index"
checksum = "b3ddfe8817d0c5c2d4557979c51c5253dab1b555ecc19833e5b7ea7dd86f39b8"
dependencies = [
 "anyhow",
 "itertools",
 "num",
 "plonky2_util",
 "rand",
 "serde",
 "static_assertions",
 "unroll",
]

[[package]]
name = "plonky2_maybe_rayon"
version = "1.0.0"
source = "registry+https://github.com/rust-lang/crates.io-index"
checksum = "9e1e554181dc95243b8d9948ae7bae5759c7fb2502fed28f671f95ef38079406"
dependencies = [
 "rayon",
]

[[package]]
name = "plonky2_util"
version = "1.0.0"
source = "registry+https://github.com/rust-lang/crates.io-index"
checksum = "c32c137808ca984ab2458b612b7eb0462d853ee041a3136e83d54b96074c7610"

[[package]]
name = "ppv-lite86"
version = "0.2.21"
source = "registry+https://github.com/rust-lang/crates.io-index"
checksum = "85eae3c4ed2f50dcfe72643da4befc30deadb458a9b590d720cde2f2b1e97da9"
dependencies = [
 "zerocopy",
]

[[package]]
name = "primitive-types"
version = "0.10.1"
source = "registry+https://github.com/rust-lang/crates.io-index"
checksum = "05e4722c697a58a99d5d06a08c30821d7c082a4632198de1eaa5a6c22ef42373"
dependencies = [
 "fixed-hash",
 "uint",
]

[[package]]
name = "proc-macro2"
version = "1.0.106"
source = "registry+https://github.com/rust-lang/crates.io-index"
checksum = "8fd00f0bb2e90d81d1044c2b32617f68fcb9fa3bb7640c23e9c748e53fb30934"
dependencies = [
 "unicode-ident",
]

[[package]]
name = "quote"
version = "1.0.45"
source = "registry+https://github.com/rust-lang/crates.io-index"
checksum = "41f2619966050689382d2b44f664f4bc593e129785a36d6ee376ddf37259b924"
dependencies = [
 "proc-macro2",
]

[[package]]
name = "rand"
version = "0.8.6"
source = "registry+https://github.com/rust-lang/crates.io-index"
checksum = "5ca0ecfa931c29007047d1bc58e623ab12e5590e8c7cc53200d5202b69266d8a"
dependencies = [
 "libc",
 "rand_chacha",
 "rand_core",
]

[[package]]
name = "rand_chacha"
version = "0.3.1"
source = "registry+https://github.com/rust-lang/crates.io-index"
checksum = "e6c10a63a0fa32252be49d21e7709d4d4baf8d231c2dbce1eaa8141b9b127d88"
dependencies = [
 "ppv-lite86",
 "rand_core",
]

[[package]]
name = "rand_core"
version = "0.6.4"
source = "registry+https://github.com/rust-lang/crates.io-index"
checksum = "ec0be4795e2f6a28069bec0b5ff3e2ac9bafc99e6a9a7dc3547996c5c816922c"
dependencies = [
 "getrandom",
]

[[package]]
name = "rayon"
version = "1.12.0"
source = "registry+https://github.com/rust-lang/crates.io-index"
checksum = "fb39b166781f92d482534ef4b4b1b2568f42613b53e5b6c160e24cfbfa30926d"
dependencies = [
 "either",
 "rayon-core",
]

[[package]]
name = "rayon-core"
version = "1.13.0"
source = "registry+https://github.com/rust-lang/crates.io-index"
checksum = "22e18b0f0062d30d4230b2e85ff77fdfe4326feb054b9783a3460d8435c8ab91"
dependencies = [
 "crossbeam-deque",
 "crossbeam-utils",
]

[[package]]
name = "same-file"
version = "1.0.6"
source = "registry+https://github.com/rust-lang/crates.io-index"
checksum = "93fc1dc3aaa9bfed95e02e6eadabb4baf7e3078b0bd1b4d7b6b0b68378900502"
dependencies = [
 "winapi-util",
]

[[package]]
name = "scoped-tls"
version = "1.0.1"
source = "registry+https://github.com/rust-lang/crates.io-index"
checksum = "e1cf6437eb19a8f4a6cc0f7dca544973b0b78843adbfeb3683d1a94a0024a294"

[[package]]
name = "secp256k1"
version = "0.29.1"
source = "registry+https://github.com/rust-lang/crates.io-index"
checksum = "9465315bc9d4566e1724f0fffcbcc446268cb522e60f9a27bcded6b19c108113"
dependencies = [
 "bitcoin_hashes",
 "rand",
 "secp256k1-sys",
 "serde",
]

[[package]]
name = "secp256k1-sys"
version = "0.10.1"
source = "registry+https://github.com/rust-lang/crates.io-index"
checksum = "d4387882333d3aa8cb20530a17c69a3752e97837832f34f6dccc760e715001d9"
dependencies = [
 "cc",
]

[[package]]
name = "serde"
version = "1.0.228"
source = "registry+https://github.com/rust-lang/crates.io-index"
checksum = "9a8e94ea7f378bd32cbbd37198a4a91436180c5bb472411e48b5ec2e2124ae9e"
dependencies = [
 "serde_core",
 "serde_derive",
]

[[package]]
name = "serde_core"
version = "1.0.228"
source = "registry+https://github.com/rust-lang/crates.io-index"
checksum = "41d385c7d4ca58e59fc732af25c3983b67ac852c1a25000afe1175de458b67ad"
dependencies = [
 "serde_derive",
]

[[package]]
name = "serde_derive"
version = "1.0.228"
source = "registry+https://github.com/rust-lang/crates.io-index"
checksum = "d540f220d3187173da220f885ab66608367b6574e925011a9353e4badda91d79"
dependencies = [
 "proc-macro2",
 "quote",
 "syn 2.0.117",
]

[[package]]
name = "serde_json"
version = "1.0.149"
source = "registry+https://github.com/rust-lang/crates.io-index"
checksum = "83fc039473c5595ace860d8c4fafa220ff474b3fc6bfdb4293327f1a37e94d86"
dependencies = [
 "itoa",
 "memchr",
 "serde",
 "serde_core",
 "zmij",
]

[[package]]
name = "sha2"
version = "0.10.9"
source = "registry+https://github.com/rust-lang/crates.io-index"
checksum = "a7507d819769d01a365ab707794a4084392c824f54a7a6a7862f8c3d0892b283"
dependencies = [
 "cfg-if",
 "cpufeatures",
 "digest",
]

[[package]]
name = "shared"
version = "0.1.0"
dependencies = [
 "bincode",
 "bip39",
 "bitcoin",
 "getrandom",
 "hex",
 "lazy_static",
 "plonky2",
 "rand",
 "serde",
]

[[package]]
name = "shlex"
version = "1.3.0"
source = "registry+https://github.com/rust-lang/crates.io-index"
checksum = "0fda2ff0d084019ba4d7c6f371c95d8fd75ce3524c3cb8fb653a3023f6323e64"

[[package]]
name = "static_assertions"
version = "1.1.0"
source = "registry+https://github.com/rust-lang/crates.io-index"
checksum = "a2eb9349b6444b326872e140eb1cf5e7c522154d69e7a0ffb0fb81c06b37543f"

[[package]]
name = "syn"
version = "1.0.109"
source = "registry+https://github.com/rust-lang/crates.io-index"
checksum = "72b64191b275b66ffe2469e8af2c1cfe3bafa67b529ead792a6d0160888b4237"
dependencies = [
 "proc-macro2",
 "quote",
 "unicode-ident",
]

[[package]]
name = "syn"
version = "2.0.117"
source = "registry+https://github.com/rust-lang/crates.io-index"
checksum = "e665b8803e7b1d2a727f4023456bbbbe74da67099c585258af0ad9c5013b9b99"
dependencies = [
 "proc-macro2",
 "quote",
 "unicode-ident",
]

[[package]]
name = "tiny-keccak"
version = "2.0.2"
source = "registry+https://github.com/rust-lang/crates.io-index"
checksum = "2c9d3793400a45f954c52e73d068316d76b6f4e36977e3fcebb13a2721e80237"
dependencies = [
 "crunchy",
]

[[package]]
name = "tinyvec"
version = "1.11.0"
source = "registry+https://github.com/rust-lang/crates.io-index"
checksum = "3e61e67053d25a4e82c844e8424039d9745781b3fc4f32b8d55ed50f5f667ef3"
dependencies = [
 "tinyvec_macros",
]

[[package]]
name = "tinyvec_macros"
version = "0.1.1"
source = "registry+https://github.com/rust-lang/crates.io-index"
checksum = "1f3ccbac311fea05f86f61904b462b55fb3df8837a366dfc601a0161d0532f20"

[[package]]
name = "typenum"
version = "1.20.0"
source = "registry+https://github.com/rust-lang/crates.io-index"
checksum = "40ce102ab67701b8526c123c1bab5cbe42d7040ccfd0f64af1a385808d2f43de"

[[package]]
name = "uint"
version = "0.9.5"
source = "registry+https://github.com/rust-lang/crates.io-index"
checksum = "76f64bba2c53b04fcab63c01a7d7427eadc821e3bc48c34dc9ba29c501164b52"
dependencies = [
 "byteorder",
 "crunchy",
 "hex",
 "static_assertions",
]

[[package]]
name = "unicode-ident"
version = "1.0.24"
source = "registry+https://github.com/rust-lang/crates.io-index"
checksum = "e6e4313cd5fcd3dad5cafa179702e2b244f760991f45397d14d4ebf38247da75"

[[package]]
name = "unicode-normalization"
version = "0.1.25"
source = "registry+https://github.com/rust-lang/crates.io-index"
checksum = "5fd4f6878c9cb28d874b009da9e8d183b5abc80117c40bbd187a1fde336be6e8"
dependencies = [
 "tinyvec",
]

[[package]]
name = "unroll"
version = "0.1.5"
source = "registry+https://github.com/rust-lang/crates.io-index"
checksum = "5ad948c1cb799b1a70f836077721a92a35ac177d4daddf4c20a633786d4cf618"
dependencies = [
 "quote",
 "syn 1.0.109",
]

[[package]]
name = "version_check"
version = "0.9.5"
source = "registry+https://github.com/rust-lang/crates.io-index"
checksum = "0b928f33d975fc6ad9f86c8f283853ad26bdd5b10b7f1542aa2fa15e2289105a"

[[package]]
name = "walkdir"
version = "2.5.0"
source = "registry+https://github.com/rust-lang/crates.io-index"
checksum = "29790946404f91d9c5d06f9874efddea1dc06c5efe94541a7d6863108e3a5e4b"
dependencies = [
 "same-file",
 "winapi-util",
]

[[package]]
name = "wasi"
version = "0.11.1+wasi-snapshot-preview1"
source = "registry+https://github.com/rust-lang/crates.io-index"
checksum = "ccf3ec651a847eb01de73ccad15eb7d99f80485de043efb2f370cd654f4ea44b"

[[package]]
name = "wasm-bindgen"
version = "0.2.95"
source = "registry+https://github.com/rust-lang/crates.io-index"
checksum = "128d1e363af62632b8eb57219c8fd7877144af57558fb2ef0368d0087bddeb2e"
dependencies = [
 "cfg-if",
 "once_cell",
 "wasm-bindgen-macro",
]

[[package]]
name = "wasm-bindgen-backend"
version = "0.2.95"
source = "registry+https://github.com/rust-lang/crates.io-index"
checksum = "cb6dd4d3ca0ddffd1dd1c9c04f94b868c37ff5fac97c30b97cff2d74fce3a358"
dependencies = [
 "bumpalo",
 "log",
 "once_cell",
 "proc-macro2",
 "quote",
 "syn 2.0.117",
 "wasm-bindgen-shared",
]

[[package]]
name = "wasm-bindgen-futures"
version = "0.4.45"
source = "registry+https://github.com/rust-lang/crates.io-index"
checksum = "cc7ec4f8827a71586374db3e87abdb5a2bb3a15afed140221307c3ec06b1f63b"
dependencies = [
 "cfg-if",
 "js-sys",
 "wasm-bindgen",
 "web-sys",
]

[[package]]
name = "wasm-bindgen-macro"
version = "0.2.95"
source = "registry+https://github.com/rust-lang/crates.io-index"
checksum = "e79384be7f8f5a9dd5d7167216f022090cf1f9ec128e6e6a482a2cb5c5422c56"
dependencies = [
 "quote",
 "wasm-bindgen-macro-support",
]

[[package]]
name = "wasm-bindgen-macro-support"
version = "0.2.95"
source = "registry+https://github.com/rust-lang/crates.io-index"
checksum = "26c6ab57572f7a24a4985830b120de1594465e5d500f24afe89e16b4e833ef68"
dependencies = [
 "proc-macro2",
 "quote",
 "syn 2.0.117",
 "wasm-bindgen-backend",
 "wasm-bindgen-shared",
]

[[package]]
name = "wasm-bindgen-shared"
version = "0.2.95"
source = "registry+https://github.com/rust-lang/crates.io-index"
checksum = "65fc09f10666a9f147042251e0dda9c18f166ff7de300607007e96bdebc1068d"

[[package]]
name = "wasm-bindgen-test"
version = "0.3.45"
source = "registry+https://github.com/rust-lang/crates.io-index"
checksum = "d381749acb0943d357dcbd8f0b100640679883fcdeeef04def49daf8d33a5426"
dependencies = [
 "console_error_panic_hook",
 "js-sys",
 "minicov",
 "scoped-tls",
 "wasm-bindgen",
 "wasm-bindgen-futures",
 "wasm-bindgen-test-macro",
]

[[package]]
name = "wasm-bindgen-test-macro"
version = "0.3.45"
source = "registry+https://github.com/rust-lang/crates.io-index"
checksum = "c97b2ef2c8d627381e51c071c2ab328eac606d3f69dd82bcbca20a9e389d95f0"
dependencies = [
 "proc-macro2",
 "quote",
 "syn 2.0.117",
]

[[package]]
name = "web-sys"
version = "0.3.72"
source = "registry+https://github.com/rust-lang/crates.io-index"
checksum = "f6488b90108c040df0fe62fa815cbdee25124641df01814dd7282749234c6112"
dependencies = [
 "js-sys",
 "wasm-bindgen",
]

[[package]]
name = "web-time"
version = "1.1.0"
source = "registry+https://github.com/rust-lang/crates.io-index"
checksum = "5a6580f308b1fad9207618087a65c04e7a10bc77e02c8e84e9b00dd4b12fa0bb"
dependencies = [
 "js-sys",
 "wasm-bindgen",
]

[[package]]
name = "winapi-util"
version = "0.1.11"
source = "registry+https://github.com/rust-lang/crates.io-index"
checksum = "c2a7b1c03c876122aa43f3020e6c3c3ee5c05081c9a00739faf7503aeba10d22"
dependencies = [
 "windows-sys",
]

[[package]]
name = "windows-link"
version = "0.2.1"
source = "registry+https://github.com/rust-lang/crates.io-index"
checksum = "f0805222e57f7521d6a62e36fa9163bc891acd422f971defe97d64e70d0a4fe5"

[[package]]
name = "windows-sys"
version = "0.61.2"
source = "registry+https://github.com/rust-lang/crates.io-index"
checksum = "ae137229bcbd6cdf0f7b80a31df61766145077ddf49416a728b02cb3921ff3fc"
dependencies = [
 "windows-link",
]

[[package]]
name = "zerocopy"
version = "0.8.48"
source = "registry+https://github.com/rust-lang/crates.io-index"
checksum = "eed437bf9d6692032087e337407a86f04cd8d6a16a37199ed57949d415bd68e9"
dependencies = [
 "zerocopy-derive",
]

[[package]]
name = "zerocopy-derive"
version = "0.8.48"
source = "registry+https://github.com/rust-lang/crates.io-index"
checksum = "70e3cd084b1788766f53af483dd21f93881ff30d7320490ec3ef7526d203bad4"
dependencies = [
 "proc-macro2",
 "quote",
 "syn 2.0.117",
]

[[package]]
name = "zmij"
version = "1.0.21"
source = "registry+https://github.com/rust-lang/crates.io-index"
checksum = "b8848ee67ecc8aedbaf3e4122217aff892639231befc6a1b58d29fff4c2cabaa"
